
Microsoft Visual Studio Solution File, Format Version 12.00
# Visual Studio Version 17
VisualStudioVersion = 17.2.32526.322
MinimumVisualStudioVersion = 10.0.40219.1
Project("{FAE04EC0-301F-11D3-BF4B-00C04F79EFBC}") = "MyPotfilo", "MyPotfilo.csproj", "{9B91FE09-775F-4B8C-8014-BB959DDC1492}"
EndProject
Global
	GlobalSection(SolutionConfigurationPlatforms) = preSolution
		Debug|Any CPU = Debug|Any CPU
		Release|Any CPU = Release|Any CPU
	EndGlobalSection
	GlobalSection(ProjectConfigurationPlatforms) = postSolution
		{9B91FE09-775F-4B8C-8014-BB959DDC1492}.Debug|Any CPU.ActiveCfg = Debug|Any CPU
		{9B91FE09-775F-4B8C-8014-BB959DDC1492}.Debug|Any CPU.Build.0 = Debug|Any CPU
		{9B91FE09-775F-4B8C-8014-BB959DDC1492}.Release|Any CPU.ActiveCfg = Release|Any CPU
		{9B91FE09-775F-4B8C-8014-BB959DDC1492}.Release|Any CPU.Build.0 = Release|Any CPU
	EndGlobalSection
	GlobalSection(SolutionProperties) = preSolution
		HideSolutionNode = FALSE
	EndGlobalSection
	GlobalSection(ExtensibilityGlobals) = postSolution
		SolutionGuid = {ECB4A65E-F194-4D65-8D22-7DA82C26DBA1}
	EndGlobalSection
EndGlobal
